
Microsoft Visual Studio Solution File, Format Version 12.00
# Visual Studio Version 16
VisualStudioVersion = 16.0.31112.23
MinimumVisualStudioVersion = 10.0.40219.1
Project("{FAE04EC0-301F-11D3-BF4B-00C04F79EFBC}") = "adressbook-web-tests", "adressbook-web-tests\adressbook-web-tests.csproj", "{CD9E8D59-A1D7-4233-B955-B99342788F89}"
EndProject
Project("{FAE04EC0-301F-11D3-BF4B-00C04F79EFBC}") = "addressbook-test-data-generators", "addressbook-test-data-generators\addressbook-test-data-generators.csproj", "{5C4D82D7-5E3D-4408-BC72-1CEE98D345DB}"
	ProjectSection(ProjectDependencies) = postProject
		{CD9E8D59-A1D7-4233-B955-B99342788F89} = {CD9E8D59-A1D7-4233-B955-B99342788F89}
	EndProjectSection
EndProject
Global
	GlobalSection(SolutionConfigurationPlatforms) = preSolution
		Debug|Any CPU = Debug|Any CPU
		Release|Any CPU = Release|Any CPU
	EndGlobalSection
	GlobalSection(ProjectConfigurationPlatforms) = postSolution
		{CD9E8D59-A1D7-4233-B955-B99342788F89}.Debug|Any CPU.ActiveCfg = Debug|Any CPU
		{CD9E8D59-A1D7-4233-B955-B99342788F89}.Debug|Any CPU.Build.0 = Debug|Any CPU
		{CD9E8D59-A1D7-4233-B955-B99342788F89}.Release|Any CPU.ActiveCfg = Release|Any CPU
		{CD9E8D59-A1D7-4233-B955-B99342788F89}.Release|Any CPU.Build.0 = Release|Any CPU
		{5C4D82D7-5E3D-4408-BC72-1CEE98D345DB}.Debug|Any CPU.ActiveCfg = Debug|Any CPU
		{5C4D82D7-5E3D-4408-BC72-1CEE98D345DB}.Debug|Any CPU.Build.0 = Debug|Any CPU
		{5C4D82D7-5E3D-4408-BC72-1CEE98D345DB}.Release|Any CPU.ActiveCfg = Release|Any CPU
		{5C4D82D7-5E3D-4408-BC72-1CEE98D345DB}.Release|Any CPU.Build.0 = Release|Any CPU
	EndGlobalSection
	GlobalSection(SolutionProperties) = preSolution
		HideSolutionNode = FALSE
	EndGlobalSection
	GlobalSection(ExtensibilityGlobals) = postSolution
		SolutionGuid = {3DD96981-729F-40AF-A35D-971CB521AB2B}
	EndGlobalSection
EndGlobal
